<Solution>
  <Folder Name="/src/">
    <Project Path="src/SourceGen.ToJson/SourceGen.ToJson.csproj" />
    <Project Path="src/SourceGen.FromJson/SourceGen.FromJson.csproj" />
  </Folder>
  <Folder Name="/tests/">
    <Project Path="tests/SourceGen.ToJson.Tests/SourceGen.ToJson.Tests.csproj" />
    <Project Path="tests/SourceGen.FromJson.Tests/SourceGen.FromJson.Tests.csproj" />
  </Folder>
</Solution>
